// !$*UTF8*$!
{
	archiveVersion = 1;
	classes = {
	};
	objectVersion = 50;
	objects = {

/* Begin PBXBuildFile section */
		945654F822BD339D00497E83 /* ContentView.swift in Sources */ = {isa = PBXBuildFile; fileRef = 945654F722BD339D00497E83 /* ContentView.swift */; };
		945654FA22BE1C1300497E83 /* ProductsStore.swift in Sources */ = {isa = PBXBuildFile; fileRef = 945654F922BE1C1300497E83 /* ProductsStore.swift */; };
		94671EFC22B7C523002E0E14 /* AppDelegate.swift in Sources */ = {isa = PBXBuildFile; fileRef = 94671EFB22B7C523002E0E14 /* AppDelegate.swift */; };
		94671EFE22B7C523002E0E14 /* SceneDelegate.swift in Sources */ = {isa = PBXBuildFile; fileRef = 94671EFD22B7C523002E0E14 /* SceneDelegate.swift */; };
		94671F0522B7C525002E0E14 /* Assets.xcassets in Resources */ = {isa = PBXBuildFile; fileRef = 94671F0422B7C525002E0E14 /* Assets.xcassets */; };
		94671F0822B7C525002E0E14 /* LaunchScreen.storyboard in Resources */ = {isa = PBXBuildFile; fileRef = 94671F0622B7C525002E0E14 /* LaunchScreen.storyboard */; };
		94671F1022B7C545002E0E14 /* IAPManager.swift in Sources */ = {isa = PBXBuildFile; fileRef = 94671F0F22B7C545002E0E14 /* IAPManager.swift */; };
		947321FC22BD1AAB007BDB36 /* Extensions.swift in Sources */ = {isa = PBXBuildFile; fileRef = 947321FB22BD1AAB007BDB36 /* Extensions.swift */; };
		94D0E0F922BCC6320041BF91 /* PurchaseView.swift in Sources */ = {isa = PBXBuildFile; fileRef = 94D0E0F822BCC6320041BF91 /* PurchaseView.swift */; };
		94D0E0FB22BCCDE50041BF91 /* PurchaseButton.swift in Sources */ = {isa = PBXBuildFile; fileRef = 94D0E0FA22BCCDE50041BF91 /* PurchaseButton.swift */; };
		94D98DF022BE26CC004911BF /* Constants.swift in Sources */ = {isa = PBXBuildFile; fileRef = 94D98DEF22BE26CC004911BF /* Constants.swift */; };
/* End PBXBuildFile section */

/* Begin PBXFileReference section */
		945654F722BD339D00497E83 /* ContentView.swift */ = {isa = PBXFileReference; lastKnownFileType = sourcecode.swift; path = ContentView.swift; sourceTree = "<group>"; };
		945654F922BE1C1300497E83 /* ProductsStore.swift */ = {isa = PBXFileReference; lastKnownFileType = sourcecode.swift; path = ProductsStore.swift; sourceTree = "<group>"; };
		94671EF822B7C523002E0E14 /* subscriptions.app */ = {isa = PBXFileReference; explicitFileType = wrapper.application; includeInIndex = 0; path = subscriptions.app; sourceTree = BUILT_PRODUCTS_DIR; };
		94671EFB22B7C523002E0E14 /* AppDelegate.swift */ = {isa = PBXFileReference; lastKnownFileType = sourcecode.swift; path = AppDelegate.swift; sourceTree = "<group>"; };
		94671EFD22B7C523002E0E14 /* SceneDelegate.swift */ = {isa = PBXFileReference; lastKnownFileType = sourcecode.swift; path = SceneDelegate.swift; sourceTree = "<group>"; };
		94671F0422B7C525002E0E14 /* Assets.xcassets */ = {isa = PBXFileReference; lastKnownFileType = folder.assetcatalog; path = Assets.xcassets; sourceTree = "<group>"; };
		94671F0722B7C525002E0E14 /* Base */ = {isa = PBXFileReference; lastKnownFileType = file.storyboard; name = Base; path = Base.lproj/LaunchScreen.storyboard; sourceTree = "<group>"; };
		94671F0922B7C525002E0E14 /* Info.plist */ = {isa = PBXFileReference; lastKnownFileType = text.plist.xml; path = Info.plist; sourceTree = "<group>"; };
		94671F0F22B7C545002E0E14 /* IAPManager.swift */ = {isa = PBXFileReference; fileEncoding = 4; lastKnownFileType = sourcecode.swift; path = IAPManager.swift; sourceTree = "<group>"; };
		947321FB22BD1AAB007BDB36 /* Extensions.swift */ = {isa = PBXFileReference; lastKnownFileType = sourcecode.swift; path = Extensions.swift; sourceTree = "<group>"; };
		94D0E0F822BCC6320041BF91 /* PurchaseView.swift */ = {isa = PBXFileReference; lastKnownFileType = sourcecode.swift; path = PurchaseView.swift; sourceTree = "<group>"; };
		94D0E0FA22BCCDE50041BF91 /* PurchaseButton.swift */ = {isa = PBXFileReference; lastKnownFileType = sourcecode.swift; path = PurchaseButton.swift; sourceTree = "<group>"; };
		94D98DEF22BE26CC004911BF /* Constants.swift */ = {isa = PBXFileReference; lastKnownFileType = sourcecode.swift; path = Constants.swift; sourceTree = "<group>"; };
/* End PBXFileReference section */

/* Begin PBXFrameworksBuildPhase section */
		94671EF522B7C523002E0E14 /* Frameworks */ = {
			isa = PBXFrameworksBuildPhase;
			buildActionMask = 2147483647;
			files = (
			);
			runOnlyForDeploymentPostprocessing = 0;
		};
/* End PBXFrameworksBuildPhase section */

/* Begin PBXGroup section */
		94671EEF22B7C523002E0E14 = {
			isa = PBXGroup;
			children = (
				94671EFA22B7C523002E0E14 /* subscriptions */,
				94671EF922B7C523002E0E14 /* Products */,
			);
			sourceTree = "<group>";
		};
		94671EF922B7C523002E0E14 /* Products */ = {
			isa = PBXGroup;
			children = (
				94671EF822B7C523002E0E14 /* subscriptions.app */,
			);
			name = Products;
			sourceTree = "<group>";
		};
		94671EFA22B7C523002E0E14 /* subscriptions */ = {
			isa = PBXGroup;
			children = (
				94671EFB22B7C523002E0E14 /* AppDelegate.swift */,
				94671EFD22B7C523002E0E14 /* SceneDelegate.swift */,
				945654F722BD339D00497E83 /* ContentView.swift */,
				94D98DEF22BE26CC004911BF /* Constants.swift */,
				945654F922BE1C1300497E83 /* ProductsStore.swift */,
				94D0E0F822BCC6320041BF91 /* PurchaseView.swift */,
				94D0E0FA22BCCDE50041BF91 /* PurchaseButton.swift */,
				947321FB22BD1AAB007BDB36 /* Extensions.swift */,
				94671F0F22B7C545002E0E14 /* IAPManager.swift */,
				94671F0422B7C525002E0E14 /* Assets.xcassets */,
				94671F0622B7C525002E0E14 /* LaunchScreen.storyboard */,
				94671F0922B7C525002E0E14 /* Info.plist */,
			);
			path = subscriptions;
			sourceTree = "<group>";
		};
/* End PBXGroup section */

/* Begin PBXNativeTarget section */
		94671EF722B7C523002E0E14 /* subscriptions */ = {
			isa = PBXNativeTarget;
			buildConfigurationList = 94671F0C22B7C525002E0E14 /* Build configuration list for PBXNativeTarget "subscriptions" */;
			buildPhases = (
				94671EF422B7C523002E0E14 /* Sources */,
				94671EF522B7C523002E0E14 /* Frameworks */,
				94671EF622B7C523002E0E14 /* Resources */,
			);
			buildRules = (
			);
			dependencies = (
			);
			name = subscriptions;
			productName = subscriptions;
			productReference = 94671EF822B7C523002E0E14 /* subscriptions.app */;
			productType = "com.apple.product-type.application";
		};
/* End PBXNativeTarget section */

/* Begin PBXProject section */
		94671EF022B7C523002E0E14 /* Project object */ = {
			isa = PBXProject;
			attributes = {
				LastSwiftUpdateCheck = 1100;
				LastUpgradeCheck = 1100;
				ORGANIZATIONNAME = apphud;
				TargetAttributes = {
					94671EF722B7C523002E0E14 = {
						CreatedOnToolsVersion = 11.0;
					};
				};
			};
			buildConfigurationList = 94671EF322B7C523002E0E14 /* Build configuration list for PBXProject "subscriptions" */;
			compatibilityVersion = "Xcode 9.3";
			developmentRegion = en;
			hasScannedForEncodings = 0;
			knownRegions = (
				en,
				Base,
			);
			mainGroup = 94671EEF22B7C523002E0E14;
			productRefGroup = 94671EF922B7C523002E0E14 /* Products */;
			projectDirPath = "";
			projectRoot = "";
			targets = (
				94671EF722B7C523002E0E14 /* subscriptions */,
			);
		};
/* End PBXProject section */

/* Begin PBXResourcesBuildPhase section */
		94671EF622B7C523002E0E14 /* Resources */ = {
			isa = PBXResourcesBuildPhase;
			buildActionMask = 2147483647;
			files = (
				94671F0822B7C525002E0E14 /* LaunchScreen.storyboard in Resources */,
				94671F0522B7C525002E0E14 /* Assets.xcassets in Resources */,
			);
			runOnlyForDeploymentPostprocessing = 0;
		};
/* End PBXResourcesBuildPhase section */

/* Begin PBXSourcesBuildPhase section */
		94671EF422B7C523002E0E14 /* Sources */ = {
			isa = PBXSourcesBuildPhase;
			buildActionMask = 2147483647;
			files = (
				94671F1022B7C545002E0E14 /* IAPManager.swift in Sources */,
				947321FC22BD1AAB007BDB36 /* Extensions.swift in Sources */,
				945654F822BD339D00497E83 /* ContentView.swift in Sources */,
				94D0E0F922BCC6320041BF91 /* PurchaseView.swift in Sources */,
				94671EFC22B7C523002E0E14 /* AppDelegate.swift in Sources */,
				94D98DF022BE26CC004911BF /* Constants.swift in Sources */,
				945654FA22BE1C1300497E83 /* ProductsStore.swift in Sources */,
				94D0E0FB22BCCDE50041BF91 /* PurchaseButton.swift in Sources */,
				94671EFE22B7C523002E0E14 /* SceneDelegate.swift in Sources */,
			);
			runOnlyForDeploymentPostprocessing = 0;
		};
/* End PBXSourcesBuildPhase section */

/* Begin PBXVariantGroup section */
		94671F0622B7C525002E0E14 /* LaunchScreen.storyboard */ = {
			isa = PBXVariantGroup;
			children = (
				94671F0722B7C525002E0E14 /* Base */,
			);
			name = LaunchScreen.storyboard;
			sourceTree = "<group>";
		};
/* End PBXVariantGroup section */

/* Begin XCBuildConfiguration section */
		94671F0A22B7C525002E0E14 /* Debug */ = {
			isa = XCBuildConfiguration;
			buildSettings = {
				ALWAYS_SEARCH_USER_PATHS = NO;
				CLANG_ANALYZER_NONNULL = YES;
				CLANG_ANALYZER_NUMBER_OBJECT_CONVERSION = YES_AGGRESSIVE;
				CLANG_CXX_LANGUAGE_STANDARD = "gnu++14";
				CLANG_CXX_LIBRARY = "libc++";
				CLANG_ENABLE_MODULES = YES;
				CLANG_ENABLE_OBJC_ARC = YES;
				CLANG_ENABLE_OBJC_WEAK = YES;
				CLANG_WARN_BLOCK_CAPTURE_AUTORELEASING = YES;
				CLANG_WARN_BOOL_CONVERSION = YES;
				CLANG_WARN_COMMA = YES;
				CLANG_WARN_CONSTANT_CONVERSION = YES;
				CLANG_WARN_DEPRECATED_OBJC_IMPLEMENTATIONS = YES;
				CLANG_WARN_DIRECT_OBJC_ISA_USAGE = YES_ERROR;
				CLANG_WARN_DOCUMENTATION_COMMENTS = YES;
				CLANG_WARN_EMPTY_BODY = YES;
				CLANG_WARN_ENUM_CONVERSION = YES;
				CLANG_WARN_INFINITE_RECURSION = YES;
				CLANG_WARN_INT_CONVERSION = YES;
				CLANG_WARN_NON_LITERAL_NULL_CONVERSION = YES;
				CLANG_WARN_OBJC_IMPLICIT_RETAIN_SELF = YES;
				CLANG_WARN_OBJC_LITERAL_CONVERSION = YES;
				CLANG_WARN_OBJC_ROOT_CLASS = YES_ERROR;
				CLANG_WARN_RANGE_LOOP_ANALYSIS = YES;
				CLANG_WARN_STRICT_PROTOTYPES = YES;
				CLANG_WARN_SUSPICIOUS_MOVE = YES;
				CLANG_WARN_UNGUARDED_AVAILABILITY = YES_AGGRESSIVE;
				CLANG_WARN_UNREACHABLE_CODE = YES;
				CLANG_WARN__DUPLICATE_METHOD_MATCH = YES;
				COPY_PHASE_STRIP = NO;
				DEBUG_INFORMATION_FORMAT = dwarf;
				ENABLE_STRICT_OBJC_MSGSEND = YES;
				ENABLE_TESTABILITY = YES;
				GCC_C_LANGUAGE_STANDARD = gnu11;
				GCC_DYNAMIC_NO_PIC = NO;
				GCC_NO_COMMON_BLOCKS = YES;
				GCC_OPTIMIZATION_LEVEL = 0;
				GCC_PREPROCESSOR_DEFINITIONS = (
					"DEBUG=1",
					"$(inherited)",
				);
				GCC_WARN_64_TO_32_BIT_CONVERSION = YES;
				GCC_WARN_ABOUT_RETURN_TYPE = YES_ERROR;
				GCC_WARN_UNDECLARED_SELECTOR = YES;
				GCC_WARN_UNINITIALIZED_AUTOS = YES_AGGRESSIVE;
				GCC_WARN_UNUSED_FUNCTION = YES;
				GCC_WARN_UNUSED_VARIABLE = YES;
				IPHONEOS_DEPLOYMENT_TARGET = 13.0;
				MTL_ENABLE_DEBUG_INFO = INCLUDE_SOURCE;
				MTL_FAST_MATH = YES;
				ONLY_ACTIVE_ARCH = YES;
				SDKROOT = iphoneos;
				SWIFT_ACTIVE_COMPILATION_CONDITIONS = DEBUG;
				SWIFT_OPTIMIZATION_LEVEL = "-Onone";
			};
			name = Debug;
		};
		94671F0B22B7C525002E0E14 /* Release */ = {
			isa = XCBuildConfiguration;
			buildSettings = {
				ALWAYS_SEARCH_USER_PATHS = NO;
				CLANG_ANALYZER_NONNULL = YES;
				CLANG_ANALYZER_NUMBER_OBJECT_CONVERSION = YES_AGGRESSIVE;
				CLANG_CXX_LANGUAGE_STANDARD = "gnu++14";
				CLANG_CXX_LIBRARY = "libc++";
				CLANG_ENABLE_MODULES = YES;
				CLANG_ENABLE_OBJC_ARC = YES;
				CLANG_ENABLE_OBJC_WEAK = YES;
				CLANG_WARN_BLOCK_CAPTURE_AUTORELEASING = YES;
				CLANG_WARN_BOOL_CONVERSION = YES;
				CLANG_WARN_COMMA = YES;
				CLANG_WARN_CONSTANT_CONVERSION = YES;
				CLANG_WARN_DEPRECATED_OBJC_IMPLEMENTATIONS = YES;
				CLANG_WARN_DIRECT_OBJC_ISA_USAGE = YES_ERROR;
				CLANG_WARN_DOCUMENTATION_COMMENTS = YES;
				CLANG_WARN_EMPTY_BODY = YES;
				CLANG_WARN_ENUM_CONVERSION = YES;
				CLANG_WARN_INFINITE_RECURSION = YES;
				CLANG_WARN_INT_CONVERSION = YES;
				CLANG_WARN_NON_LITERAL_NULL_CONVERSION = YES;
				CLANG_WARN_OBJC_IMPLICIT_RETAIN_SELF = YES;
				CLANG_WARN_OBJC_LITERAL_CONVERSION = YES;
				CLANG_WARN_OBJC_ROOT_CLASS = YES_ERROR;
				CLANG_WARN_RANGE_LOOP_ANALYSIS = YES;
				CLANG_WARN_STRICT_PROTOTYPES = YES;
				CLANG_WARN_SUSPICIOUS_MOVE = YES;
				CLANG_WARN_UNGUARDED_AVAILABILITY = YES_AGGRESSIVE;
				CLANG_WARN_UNREACHABLE_CODE = YES;
				CLANG_WARN__DUPLICATE_METHOD_MATCH = YES;
				COPY_PHASE_STRIP = NO;
				DEBUG_INFORMATION_FORMAT = "dwarf-with-dsym";
				ENABLE_NS_ASSERTIONS = NO;
				ENABLE_STRICT_OBJC_MSGSEND = YES;
				GCC_C_LANGUAGE_STANDARD = gnu11;
				GCC_NO_COMMON_BLOCKS = YES;
				GCC_WARN_64_TO_32_BIT_CONVERSION = YES;
				GCC_WARN_ABOUT_RETURN_TYPE = YES_ERROR;
				GCC_WARN_UNDECLARED_SELECTOR = YES;
				GCC_WARN_UNINITIALIZED_AUTOS = YES_AGGRESSIVE;
				GCC_WARN_UNUSED_FUNCTION = YES;
				GCC_WARN_UNUSED_VARIABLE = YES;
				IPHONEOS_DEPLOYMENT_TARGET = 13.0;
				MTL_ENABLE_DEBUG_INFO = NO;
				MTL_FAST_MATH = YES;
				SDKROOT = iphoneos;
				SWIFT_COMPILATION_MODE = wholemodule;
				SWIFT_OPTIMIZATION_LEVEL = "-O";
				VALIDATE_PRODUCT = YES;
			};
			name = Release;
		};
		94671F0D22B7C525002E0E14 /* Debug */ = {
			isa = XCBuildConfiguration;
			buildSettings = {
				ASSETCATALOG_COMPILER_APPICON_NAME = AppIcon;
				CODE_SIGN_IDENTITY = "Apple Development";
				CODE_SIGN_STYLE = Automatic;
				DEVELOPMENT_TEAM = 4F9FP2XDZ3;
				INFOPLIST_FILE = subscriptions/Info.plist;
				IPHONEOS_DEPLOYMENT_TARGET = 13.0;
				LD_RUNPATH_SEARCH_PATHS = (
					"$(inherited)",
					"@executable_path/Frameworks",
				);
				PRODUCT_BUNDLE_IDENTIFIER = com.apphud.subscriptionstest;
				PRODUCT_NAME = "$(TARGET_NAME)";
				PROVISIONING_PROFILE_SPECIFIER = "";
				SWIFT_VERSION = 5.0;
				TARGETED_DEVICE_FAMILY = "1,2";
			};
			name = Debug;
		};
		94671F0E22B7C525002E0E14 /* Release */ = {
			isa = XCBuildConfiguration;
			buildSettings = {
				ASSETCATALOG_COMPILER_APPICON_NAME = AppIcon;
				CODE_SIGN_IDENTITY = "Apple Development";
				CODE_SIGN_STYLE = Automatic;
				DEVELOPMENT_TEAM = 4F9FP2XDZ3;
				INFOPLIST_FILE = subscriptions/Info.plist;
				IPHONEOS_DEPLOYMENT_TARGET = 13.0;
				LD_RUNPATH_SEARCH_PATHS = (
					"$(inherited)",
					"@executable_path/Frameworks",
				);
				PRODUCT_BUNDLE_IDENTIFIER = com.apphud.subscriptionstest;
				PRODUCT_NAME = "$(TARGET_NAME)";
				PROVISIONING_PROFILE_SPECIFIER = "";
				SWIFT_VERSION = 5.0;
				TARGETED_DEVICE_FAMILY = "1,2";
			};
			name = Release;
		};
/* End XCBuildConfiguration section */

/* Begin XCConfigurationList section */
		94671EF322B7C523002E0E14 /* Build configuration list for PBXProject "subscriptions" */ = {
			isa = XCConfigurationList;
			buildConfigurations = (
				94671F0A22B7C525002E0E14 /* Debug */,
				94671F0B22B7C525002E0E14 /* Release */,
			);
			defaultConfigurationIsVisible = 0;
			defaultConfigurationName = Release;
		};
		94671F0C22B7C525002E0E14 /* Build configuration list for PBXNativeTarget "subscriptions" */ = {
			isa = XCConfigurationList;
			buildConfigurations = (
				94671F0D22B7C525002E0E14 /* Debug */,
				94671F0E22B7C525002E0E14 /* Release */,
			);
			defaultConfigurationIsVisible = 0;
			defaultConfigurationName = Release;
		};
/* End XCConfigurationList section */
	};
	rootObject = 94671EF022B7C523002E0E14 /* Project object */;
}
